// !$*UTF8*$!
{
	archiveVersion = 1;
	classes = {
	};
	objectVersion = 56;
	objects = {

/* Begin PBXBuildFile section */
		7636B3D12A51434B006D29A2 /* UberCloneSwiftUIApp.swift in Sources */ = {isa = PBXBuildFile; fileRef = 7636B3D02A51434B006D29A2 /* UberCloneSwiftUIApp.swift */; };
		7636B3D52A51434E006D29A2 /* Assets.xcassets in Resources */ = {isa = PBXBuildFile; fileRef = 7636B3D42A51434E006D29A2 /* Assets.xcassets */; };
		7636B3D82A51434E006D29A2 /* Preview Assets.xcassets in Resources */ = {isa = PBXBuildFile; fileRef = 7636B3D72A51434E006D29A2 /* Preview Assets.xcassets */; };
		7636B3E62A5143C6006D29A2 /* HomeView.swift in Sources */ = {isa = PBXBuildFile; fileRef = 7636B3E52A5143C6006D29A2 /* HomeView.swift */; };
		7636B3E82A514460006D29A2 /* UberMapViewRepresentable.swift in Sources */ = {isa = PBXBuildFile; fileRef = 7636B3E72A514460006D29A2 /* UberMapViewRepresentable.swift */; };
		7636B3EA2A514673006D29A2 /* LocationManager.swift in Sources */ = {isa = PBXBuildFile; fileRef = 7636B3E92A514673006D29A2 /* LocationManager.swift */; };
		7636B3F02A514C70006D29A2 /* LocationSearchActivationView.swift in Sources */ = {isa = PBXBuildFile; fileRef = 7636B3EF2A514C70006D29A2 /* LocationSearchActivationView.swift */; };
		7636B3F22A514DA5006D29A2 /* MapViewActionButton.swift in Sources */ = {isa = PBXBuildFile; fileRef = 7636B3F12A514DA5006D29A2 /* MapViewActionButton.swift */; };
		7636B3F42A514EA7006D29A2 /* LocationSearchView.swift in Sources */ = {isa = PBXBuildFile; fileRef = 7636B3F32A514EA7006D29A2 /* LocationSearchView.swift */; };
		7636B3F62A5150AD006D29A2 /* LocationSearchResultCell.swift in Sources */ = {isa = PBXBuildFile; fileRef = 7636B3F52A5150AD006D29A2 /* LocationSearchResultCell.swift */; };
		7636B3F82A515581006D29A2 /* LocationSearchViewModel.swift in Sources */ = {isa = PBXBuildFile; fileRef = 7636B3F72A515581006D29A2 /* LocationSearchViewModel.swift */; };
		764BCA7C2A516DE300575FAE /* MapViewState.swift in Sources */ = {isa = PBXBuildFile; fileRef = 764BCA7B2A516DE300575FAE /* MapViewState.swift */; };
		7657E8BD2A51BE0A00C97878 /* RideRequestView.swift in Sources */ = {isa = PBXBuildFile; fileRef = 7657E8BC2A51BE0A00C97878 /* RideRequestView.swift */; };
		7657E8BF2A51CBDA00C97878 /* RideType.swift in Sources */ = {isa = PBXBuildFile; fileRef = 7657E8BE2A51CBDA00C97878 /* RideType.swift */; };
		7657E8C12A51D2CF00C97878 /* Double+Extension.swift in Sources */ = {isa = PBXBuildFile; fileRef = 7657E8C02A51D2CF00C97878 /* Double+Extension.swift */; };
		7657E8C32A51D54C00C97878 /* UberLocation.swift in Sources */ = {isa = PBXBuildFile; fileRef = 7657E8C22A51D54C00C97878 /* UberLocation.swift */; };
/* End PBXBuildFile section */

/* Begin PBXFileReference section */
		7636B3CD2A51434B006D29A2 /* UberCloneSwiftUI.app */ = {isa = PBXFileReference; explicitFileType = wrapper.application; includeInIndex = 0; path = UberCloneSwiftUI.app; sourceTree = BUILT_PRODUCTS_DIR; };
		7636B3D02A51434B006D29A2 /* UberCloneSwiftUIApp.swift */ = {isa = PBXFileReference; lastKnownFileType = sourcecode.swift; path = UberCloneSwiftUIApp.swift; sourceTree = "<group>"; };
		7636B3D42A51434E006D29A2 /* Assets.xcassets */ = {isa = PBXFileReference; lastKnownFileType = folder.assetcatalog; path = Assets.xcassets; sourceTree = "<group>"; };
		7636B3D72A51434E006D29A2 /* Preview Assets.xcassets */ = {isa = PBXFileReference; lastKnownFileType = folder.assetcatalog; path = "Preview Assets.xcassets"; sourceTree = "<group>"; };
		7636B3E52A5143C6006D29A2 /* HomeView.swift */ = {isa = PBXFileReference; lastKnownFileType = sourcecode.swift; path = HomeView.swift; sourceTree = "<group>"; };
		7636B3E72A514460006D29A2 /* UberMapViewRepresentable.swift */ = {isa = PBXFileReference; lastKnownFileType = sourcecode.swift; path = UberMapViewRepresentable.swift; sourceTree = "<group>"; };
		7636B3E92A514673006D29A2 /* LocationManager.swift */ = {isa = PBXFileReference; lastKnownFileType = sourcecode.swift; path = LocationManager.swift; sourceTree = "<group>"; };
		7636B3EF2A514C70006D29A2 /* LocationSearchActivationView.swift */ = {isa = PBXFileReference; lastKnownFileType = sourcecode.swift; path = LocationSearchActivationView.swift; sourceTree = "<group>"; };
		7636B3F12A514DA5006D29A2 /* MapViewActionButton.swift */ = {isa = PBXFileReference; lastKnownFileType = sourcecode.swift; path = MapViewActionButton.swift; sourceTree = "<group>"; };
		7636B3F32A514EA7006D29A2 /* LocationSearchView.swift */ = {isa = PBXFileReference; lastKnownFileType = sourcecode.swift; path = LocationSearchView.swift; sourceTree = "<group>"; };
		7636B3F52A5150AD006D29A2 /* LocationSearchResultCell.swift */ = {isa = PBXFileReference; lastKnownFileType = sourcecode.swift; path = LocationSearchResultCell.swift; sourceTree = "<group>"; };
		7636B3F72A515581006D29A2 /* LocationSearchViewModel.swift */ = {isa = PBXFileReference; lastKnownFileType = sourcecode.swift; path = LocationSearchViewModel.swift; sourceTree = "<group>"; };
		764BCA7B2A516DE300575FAE /* MapViewState.swift */ = {isa = PBXFileReference; lastKnownFileType = sourcecode.swift; path = MapViewState.swift; sourceTree = "<group>"; };
		7657E8BC2A51BE0A00C97878 /* RideRequestView.swift */ = {isa = PBXFileReference; lastKnownFileType = sourcecode.swift; path = RideRequestView.swift; sourceTree = "<group>"; };
		7657E8BE2A51CBDA00C97878 /* RideType.swift */ = {isa = PBXFileReference; lastKnownFileType = sourcecode.swift; path = RideType.swift; sourceTree = "<group>"; };
		7657E8C02A51D2CF00C97878 /* Double+Extension.swift */ = {isa = PBXFileReference; lastKnownFileType = sourcecode.swift; path = "Double+Extension.swift"; sourceTree = "<group>"; };
		7657E8C22A51D54C00C97878 /* UberLocation.swift */ = {isa = PBXFileReference; lastKnownFileType = sourcecode.swift; path = UberLocation.swift; sourceTree = "<group>"; };
/* End PBXFileReference section */

/* Begin PBXFrameworksBuildPhase section */
		7636B3CA2A51434B006D29A2 /* Frameworks */ = {
			isa = PBXFrameworksBuildPhase;
			buildActionMask = 2147483647;
			files = (
			);
			runOnlyForDeploymentPostprocessing = 0;
		};
/* End PBXFrameworksBuildPhase section */

/* Begin PBXGroup section */
		7636B3C42A51434B006D29A2 = {
			isa = PBXGroup;
			children = (
				7636B3CF2A51434B006D29A2 /* UberCloneSwiftUI */,
				7636B3CE2A51434B006D29A2 /* Products */,
			);
			sourceTree = "<group>";
		};
		7636B3CE2A51434B006D29A2 /* Products */ = {
			isa = PBXGroup;
			children = (
				7636B3CD2A51434B006D29A2 /* UberCloneSwiftUI.app */,
			);
			name = Products;
			sourceTree = "<group>";
		};
		7636B3CF2A51434B006D29A2 /* UberCloneSwiftUI */ = {
			isa = PBXGroup;
			children = (
				7636B3DE2A514352006D29A2 /* App */,
				7636B3DF2A514357006D29A2 /* Core */,
				7636B3E22A514368006D29A2 /* Models */,
				7636B3E12A514362006D29A2 /* Managers */,
				7636B3E02A51435A006D29A2 /* Extensions */,
				7636B3D42A51434E006D29A2 /* Assets.xcassets */,
				7636B3D62A51434E006D29A2 /* Preview Content */,
			);
			path = UberCloneSwiftUI;
			sourceTree = "<group>";
		};
		7636B3D62A51434E006D29A2 /* Preview Content */ = {
			isa = PBXGroup;
			children = (
				7636B3D72A51434E006D29A2 /* Preview Assets.xcassets */,
			);
			path = "Preview Content";
			sourceTree = "<group>";
		};
		7636B3DE2A514352006D29A2 /* App */ = {
			isa = PBXGroup;
			children = (
				7636B3D02A51434B006D29A2 /* UberCloneSwiftUIApp.swift */,
			);
			path = App;
			sourceTree = "<group>";
		};
		7636B3DF2A514357006D29A2 /* Core */ = {
			isa = PBXGroup;
			children = (
				7636B3EB2A514C34006D29A2 /* Home */,
				7636B3EC2A514C40006D29A2 /* LocationSearch */,
				7657E8BB2A51BDF900C97878 /* Trips */,
			);
			path = Core;
			sourceTree = "<group>";
		};
		7636B3E02A51435A006D29A2 /* Extensions */ = {
			isa = PBXGroup;
			children = (
				7657E8C02A51D2CF00C97878 /* Double+Extension.swift */,
			);
			path = Extensions;
			sourceTree = "<group>";
		};
		7636B3E12A514362006D29A2 /* Managers */ = {
			isa = PBXGroup;
			children = (
				7636B3E92A514673006D29A2 /* LocationManager.swift */,
			);
			path = Managers;
			sourceTree = "<group>";
		};
		7636B3E22A514368006D29A2 /* Models */ = {
			isa = PBXGroup;
			children = (
				764BCA7B2A516DE300575FAE /* MapViewState.swift */,
				7657E8BE2A51CBDA00C97878 /* RideType.swift */,
				7657E8C22A51D54C00C97878 /* UberLocation.swift */,
			);
			path = Models;
			sourceTree = "<group>";
		};
		7636B3E32A51437B006D29A2 /* Views */ = {
			isa = PBXGroup;
			children = (
				7636B3E52A5143C6006D29A2 /* HomeView.swift */,
				7636B3E72A514460006D29A2 /* UberMapViewRepresentable.swift */,
				7636B3F12A514DA5006D29A2 /* MapViewActionButton.swift */,
			);
			path = Views;
			sourceTree = "<group>";
		};
		7636B3E42A514380006D29A2 /* ViewModel */ = {
			isa = PBXGroup;
			children = (
			);
			path = ViewModel;
			sourceTree = "<group>";
		};
		7636B3EB2A514C34006D29A2 /* Home */ = {
			isa = PBXGroup;
			children = (
				7636B3E42A514380006D29A2 /* ViewModel */,
				7636B3E32A51437B006D29A2 /* Views */,
			);
			path = Home;
			sourceTree = "<group>";
		};
		7636B3EC2A514C40006D29A2 /* LocationSearch */ = {
			isa = PBXGroup;
			children = (
				7636B3EE2A514C5D006D29A2 /* ViewModel */,
				7636B3ED2A514C56006D29A2 /* Views */,
			);
			path = LocationSearch;
			sourceTree = "<group>";
		};
		7636B3ED2A514C56006D29A2 /* Views */ = {
			isa = PBXGroup;
			children = (
				7636B3EF2A514C70006D29A2 /* LocationSearchActivationView.swift */,
				7636B3F32A514EA7006D29A2 /* LocationSearchView.swift */,
				7636B3F52A5150AD006D29A2 /* LocationSearchResultCell.swift */,
			);
			path = Views;
			sourceTree = "<group>";
		};
		7636B3EE2A514C5D006D29A2 /* ViewModel */ = {
			isa = PBXGroup;
			children = (
				7636B3F72A515581006D29A2 /* LocationSearchViewModel.swift */,
			);
			path = ViewModel;
			sourceTree = "<group>";
		};
		7657E8BB2A51BDF900C97878 /* Trips */ = {
			isa = PBXGroup;
			children = (
				7657E8BC2A51BE0A00C97878 /* RideRequestView.swift */,
			);
			path = Trips;
			sourceTree = "<group>";
		};
/* End PBXGroup section */

/* Begin PBXNativeTarget section */
		7636B3CC2A51434B006D29A2 /* UberCloneSwiftUI */ = {
			isa = PBXNativeTarget;
			buildConfigurationList = 7636B3DB2A51434E006D29A2 /* Build configuration list for PBXNativeTarget "UberCloneSwiftUI" */;
			buildPhases = (
				7636B3C92A51434B006D29A2 /* Sources */,
				7636B3CA2A51434B006D29A2 /* Frameworks */,
				7636B3CB2A51434B006D29A2 /* Resources */,
			);
			buildRules = (
			);
			dependencies = (
			);
			name = UberCloneSwiftUI;
			productName = UberCloneSwiftUI;
			productReference = 7636B3CD2A51434B006D29A2 /* UberCloneSwiftUI.app */;
			productType = "com.apple.product-type.application";
		};
/* End PBXNativeTarget section */

/* Begin PBXProject section */
		7636B3C52A51434B006D29A2 /* Project object */ = {
			isa = PBXProject;
			attributes = {
				BuildIndependentTargetsInParallel = 1;
				LastSwiftUpdateCheck = 1400;
				LastUpgradeCheck = 1400;
				TargetAttributes = {
					7636B3CC2A51434B006D29A2 = {
						CreatedOnToolsVersion = 14.0.1;
					};
				};
			};
			buildConfigurationList = 7636B3C82A51434B006D29A2 /* Build configuration list for PBXProject "UberCloneSwiftUI" */;
			compatibilityVersion = "Xcode 14.0";
			developmentRegion = en;
			hasScannedForEncodings = 0;
			knownRegions = (
				en,
				Base,
			);
			mainGroup = 7636B3C42A51434B006D29A2;
			productRefGroup = 7636B3CE2A51434B006D29A2 /* Products */;
			projectDirPath = "";
			projectRoot = "";
			targets = (
				7636B3CC2A51434B006D29A2 /* UberCloneSwiftUI */,
			);
		};
/* End PBXProject section */

/* Begin PBXResourcesBuildPhase section */
		7636B3CB2A51434B006D29A2 /* Resources */ = {
			isa = PBXResourcesBuildPhase;
			buildActionMask = 2147483647;
			files = (
				7636B3D82A51434E006D29A2 /* Preview Assets.xcassets in Resources */,
				7636B3D52A51434E006D29A2 /* Assets.xcassets in Resources */,
			);
			runOnlyForDeploymentPostprocessing = 0;
		};
/* End PBXResourcesBuildPhase section */

/* Begin PBXSourcesBuildPhase section */
		7636B3C92A51434B006D29A2 /* Sources */ = {
			isa = PBXSourcesBuildPhase;
			buildActionMask = 2147483647;
			files = (
				7636B3F82A515581006D29A2 /* LocationSearchViewModel.swift in Sources */,
				7636B3F42A514EA7006D29A2 /* LocationSearchView.swift in Sources */,
				7636B3EA2A514673006D29A2 /* LocationManager.swift in Sources */,
				7657E8BD2A51BE0A00C97878 /* RideRequestView.swift in Sources */,
				7657E8C12A51D2CF00C97878 /* Double+Extension.swift in Sources */,
				764BCA7C2A516DE300575FAE /* MapViewState.swift in Sources */,
				7636B3F22A514DA5006D29A2 /* MapViewActionButton.swift in Sources */,
				7636B3D12A51434B006D29A2 /* UberCloneSwiftUIApp.swift in Sources */,
				7636B3E82A514460006D29A2 /* UberMapViewRepresentable.swift in Sources */,
				7636B3E62A5143C6006D29A2 /* HomeView.swift in Sources */,
				7657E8C32A51D54C00C97878 /* UberLocation.swift in Sources */,
				7636B3F02A514C70006D29A2 /* LocationSearchActivationView.swift in Sources */,
				7636B3F62A5150AD006D29A2 /* LocationSearchResultCell.swift in Sources */,
				7657E8BF2A51CBDA00C97878 /* RideType.swift in Sources */,
			);
			runOnlyForDeploymentPostprocessing = 0;
		};
/* End PBXSourcesBuildPhase section */

/* Begin XCBuildConfiguration section */
		7636B3D92A51434E006D29A2 /* Debug */ = {
			isa = XCBuildConfiguration;
			buildSettings = {
				ALWAYS_SEARCH_USER_PATHS = NO;
				CLANG_ANALYZER_NONNULL = YES;
				CLANG_ANALYZER_NUMBER_OBJECT_CONVERSION = YES_AGGRESSIVE;
				CLANG_CXX_LANGUAGE_STANDARD = "gnu++20";
				CLANG_ENABLE_MODULES = YES;
				CLANG_ENABLE_OBJC_ARC = YES;
				CLANG_ENABLE_OBJC_WEAK = YES;
				CLANG_WARN_BLOCK_CAPTURE_AUTORELEASING = YES;
				CLANG_WARN_BOOL_CONVERSION = YES;
				CLANG_WARN_COMMA = YES;
				CLANG_WARN_CONSTANT_CONVERSION = YES;
				CLANG_WARN_DEPRECATED_OBJC_IMPLEMENTATIONS = YES;
				CLANG_WARN_DIRECT_OBJC_ISA_USAGE = YES_ERROR;
				CLANG_WARN_DOCUMENTATION_COMMENTS = YES;
				CLANG_WARN_EMPTY_BODY = YES;
				CLANG_WARN_ENUM_CONVERSION = YES;
				CLANG_WARN_INFINITE_RECURSION = YES;
				CLANG_WARN_INT_CONVERSION = YES;
				CLANG_WARN_NON_LITERAL_NULL_CONVERSION = YES;
				CLANG_WARN_OBJC_IMPLICIT_RETAIN_SELF = YES;
				CLANG_WARN_OBJC_LITERAL_CONVERSION = YES;
				CLANG_WARN_OBJC_ROOT_CLASS = YES_ERROR;
				CLANG_WARN_QUOTED_INCLUDE_IN_FRAMEWORK_HEADER = YES;
				CLANG_WARN_RANGE_LOOP_ANALYSIS = YES;
				CLANG_WARN_STRICT_PROTOTYPES = YES;
				CLANG_WARN_SUSPICIOUS_MOVE = YES;
				CLANG_WARN_UNGUARDED_AVAILABILITY = YES_AGGRESSIVE;
				CLANG_WARN_UNREACHABLE_CODE = YES;
				CLANG_WARN__DUPLICATE_METHOD_MATCH = YES;
				COPY_PHASE_STRIP = NO;
				DEBUG_INFORMATION_FORMAT = dwarf;
				ENABLE_STRICT_OBJC_MSGSEND = YES;
				ENABLE_TESTABILITY = YES;
				GCC_C_LANGUAGE_STANDARD = gnu11;
				GCC_DYNAMIC_NO_PIC = NO;
				GCC_NO_COMMON_BLOCKS = YES;
				GCC_OPTIMIZATION_LEVEL = 0;
				GCC_PREPROCESSOR_DEFINITIONS = (
					"DEBUG=1",
					"$(inherited)",
				);
				GCC_WARN_64_TO_32_BIT_CONVERSION = YES;
				GCC_WARN_ABOUT_RETURN_TYPE = YES_ERROR;
				GCC_WARN_UNDECLARED_SELECTOR = YES;
				GCC_WARN_UNINITIALIZED_AUTOS = YES_AGGRESSIVE;
				GCC_WARN_UNUSED_FUNCTION = YES;
				GCC_WARN_UNUSED_VARIABLE = YES;
				IPHONEOS_DEPLOYMENT_TARGET = 16.0;
				MTL_ENABLE_DEBUG_INFO = INCLUDE_SOURCE;
				MTL_FAST_MATH = YES;
				ONLY_ACTIVE_ARCH = YES;
				SDKROOT = iphoneos;
				SWIFT_ACTIVE_COMPILATION_CONDITIONS = DEBUG;
				SWIFT_OPTIMIZATION_LEVEL = "-Onone";
			};
			name = Debug;
		};
		7636B3DA2A51434E006D29A2 /* Release */ = {
			isa = XCBuildConfiguration;
			buildSettings = {
				ALWAYS_SEARCH_USER_PATHS = NO;
				CLANG_ANALYZER_NONNULL = YES;
				CLANG_ANALYZER_NUMBER_OBJECT_CONVERSION = YES_AGGRESSIVE;
				CLANG_CXX_LANGUAGE_STANDARD = "gnu++20";
				CLANG_ENABLE_MODULES = YES;
				CLANG_ENABLE_OBJC_ARC = YES;
				CLANG_ENABLE_OBJC_WEAK = YES;
				CLANG_WARN_BLOCK_CAPTURE_AUTORELEASING = YES;
				CLANG_WARN_BOOL_CONVERSION = YES;
				CLANG_WARN_COMMA = YES;
				CLANG_WARN_CONSTANT_CONVERSION = YES;
				CLANG_WARN_DEPRECATED_OBJC_IMPLEMENTATIONS = YES;
				CLANG_WARN_DIRECT_OBJC_ISA_USAGE = YES_ERROR;
				CLANG_WARN_DOCUMENTATION_COMMENTS = YES;
				CLANG_WARN_EMPTY_BODY = YES;
				CLANG_WARN_ENUM_CONVERSION = YES;
				CLANG_WARN_INFINITE_RECURSION = YES;
				CLANG_WARN_INT_CONVERSION = YES;
				CLANG_WARN_NON_LITERAL_NULL_CONVERSION = YES;
				CLANG_WARN_OBJC_IMPLICIT_RETAIN_SELF = YES;
				CLANG_WARN_OBJC_LITERAL_CONVERSION = YES;
				CLANG_WARN_OBJC_ROOT_CLASS = YES_ERROR;
				CLANG_WARN_QUOTED_INCLUDE_IN_FRAMEWORK_HEADER = YES;
				CLANG_WARN_RANGE_LOOP_ANALYSIS = YES;
				CLANG_WARN_STRICT_PROTOTYPES = YES;
				CLANG_WARN_SUSPICIOUS_MOVE = YES;
				CLANG_WARN_UNGUARDED_AVAILABILITY = YES_AGGRESSIVE;
				CLANG_WARN_UNREACHABLE_CODE = YES;
				CLANG_WARN__DUPLICATE_METHOD_MATCH = YES;
				COPY_PHASE_STRIP = NO;
				DEBUG_INFORMATION_FORMAT = "dwarf-with-dsym";
				ENABLE_NS_ASSERTIONS = NO;
				ENABLE_STRICT_OBJC_MSGSEND = YES;
				GCC_C_LANGUAGE_STANDARD = gnu11;
				GCC_NO_COMMON_BLOCKS = YES;
				GCC_WARN_64_TO_32_BIT_CONVERSION = YES;
				GCC_WARN_ABOUT_RETURN_TYPE = YES_ERROR;
				GCC_WARN_UNDECLARED_SELECTOR = YES;
				GCC_WARN_UNINITIALIZED_AUTOS = YES_AGGRESSIVE;
				GCC_WARN_UNUSED_FUNCTION = YES;
				GCC_WARN_UNUSED_VARIABLE = YES;
				IPHONEOS_DEPLOYMENT_TARGET = 16.0;
				MTL_ENABLE_DEBUG_INFO = NO;
				MTL_FAST_MATH = YES;
				SDKROOT = iphoneos;
				SWIFT_COMPILATION_MODE = wholemodule;
				SWIFT_OPTIMIZATION_LEVEL = "-O";
				VALIDATE_PRODUCT = YES;
			};
			name = Release;
		};
		7636B3DC2A51434E006D29A2 /* Debug */ = {
			isa = XCBuildConfiguration;
			buildSettings = {
				ASSETCATALOG_COMPILER_APPICON_NAME = AppIcon;
				ASSETCATALOG_COMPILER_GLOBAL_ACCENT_COLOR_NAME = AccentColor;
				CODE_SIGN_STYLE = Automatic;
				CURRENT_PROJECT_VERSION = 1;
				DEVELOPMENT_ASSET_PATHS = "\"UberCloneSwiftUI/Preview Content\"";
				DEVELOPMENT_TEAM = 2MRY8P7863;
				ENABLE_PREVIEWS = YES;
				GENERATE_INFOPLIST_FILE = YES;
				INFOPLIST_KEY_NSLocationWhenInUseUsageDescription = "위치 권한을 요청하겠습니다.";
				INFOPLIST_KEY_UIApplicationSceneManifest_Generation = YES;
				INFOPLIST_KEY_UIApplicationSupportsIndirectInputEvents = YES;
				INFOPLIST_KEY_UILaunchScreen_Generation = YES;
				INFOPLIST_KEY_UISupportedInterfaceOrientations_iPad = "UIInterfaceOrientationPortrait UIInterfaceOrientationPortraitUpsideDown UIInterfaceOrientationLandscapeLeft UIInterfaceOrientationLandscapeRight";
				INFOPLIST_KEY_UISupportedInterfaceOrientations_iPhone = "UIInterfaceOrientationPortrait UIInterfaceOrientationLandscapeLeft UIInterfaceOrientationLandscapeRight";
				LD_RUNPATH_SEARCH_PATHS = (
					"$(inherited)",
					"@executable_path/Frameworks",
				);
				MARKETING_VERSION = 1.0;
				PRODUCT_BUNDLE_IDENTIFIER = sookim.UberCloneSwiftUI;
				PRODUCT_NAME = "$(TARGET_NAME)";
				SWIFT_EMIT_LOC_STRINGS = YES;
				SWIFT_VERSION = 5.0;
				TARGETED_DEVICE_FAMILY = "1,2";
			};
			name = Debug;
		};
		7636B3DD2A51434E006D29A2 /* Release */ = {
			isa = XCBuildConfiguration;
			buildSettings = {
				ASSETCATALOG_COMPILER_APPICON_NAME = AppIcon;
				ASSETCATALOG_COMPILER_GLOBAL_ACCENT_COLOR_NAME = AccentColor;
				CODE_SIGN_STYLE = Automatic;
				CURRENT_PROJECT_VERSION = 1;
				DEVELOPMENT_ASSET_PATHS = "\"UberCloneSwiftUI/Preview Content\"";
				DEVELOPMENT_TEAM = 2MRY8P7863;
				ENABLE_PREVIEWS = YES;
				GENERATE_INFOPLIST_FILE = YES;
				INFOPLIST_KEY_NSLocationWhenInUseUsageDescription = "위치 권한을 요청하겠습니다.";
				INFOPLIST_KEY_UIApplicationSceneManifest_Generation = YES;
				INFOPLIST_KEY_UIApplicationSupportsIndirectInputEvents = YES;
				INFOPLIST_KEY_UILaunchScreen_Generation = YES;
				INFOPLIST_KEY_UISupportedInterfaceOrientations_iPad = "UIInterfaceOrientationPortrait UIInterfaceOrientationPortraitUpsideDown UIInterfaceOrientationLandscapeLeft UIInterfaceOrientationLandscapeRight";
				INFOPLIST_KEY_UISupportedInterfaceOrientations_iPhone = "UIInterfaceOrientationPortrait UIInterfaceOrientationLandscapeLeft UIInterfaceOrientationLandscapeRight";
				LD_RUNPATH_SEARCH_PATHS = (
					"$(inherited)",
					"@executable_path/Frameworks",
				);
				MARKETING_VERSION = 1.0;
				PRODUCT_BUNDLE_IDENTIFIER = sookim.UberCloneSwiftUI;
				PRODUCT_NAME = "$(TARGET_NAME)";
				SWIFT_EMIT_LOC_STRINGS = YES;
				SWIFT_VERSION = 5.0;
				TARGETED_DEVICE_FAMILY = "1,2";
			};
			name = Release;
		};
/* End XCBuildConfiguration section */

/* Begin XCConfigurationList section */
		7636B3C82A51434B006D29A2 /* Build configuration list for PBXProject "UberCloneSwiftUI" */ = {
			isa = XCConfigurationList;
			buildConfigurations = (
				7636B3D92A51434E006D29A2 /* Debug */,
				7636B3DA2A51434E006D29A2 /* Release */,
			);
			defaultConfigurationIsVisible = 0;
			defaultConfigurationName = Release;
		};
		7636B3DB2A51434E006D29A2 /* Build configuration list for PBXNativeTarget "UberCloneSwiftUI" */ = {
			isa = XCConfigurationList;
			buildConfigurations = (
				7636B3DC2A51434E006D29A2 /* Debug */,
				7636B3DD2A51434E006D29A2 /* Release */,
			);
			defaultConfigurationIsVisible = 0;
			defaultConfigurationName = Release;
		};
/* End XCConfigurationList section */
	};
	rootObject = 7636B3C52A51434B006D29A2 /* Project object */;
}
