// !$*UTF8*$!
{
	archiveVersion = 1;
	classes = {
	};
	objectVersion = 55;
	objects = {

/* Begin PBXBuildFile section */
		7690AC6327217DA600884843 /* AppDelegate.swift in Sources */ = {isa = PBXBuildFile; fileRef = 7690AC6227217DA600884843 /* AppDelegate.swift */; };
		7690AC6527217DA600884843 /* SceneDelegate.swift in Sources */ = {isa = PBXBuildFile; fileRef = 7690AC6427217DA600884843 /* SceneDelegate.swift */; };
		7690AC6C27217DA700884843 /* Assets.xcassets in Resources */ = {isa = PBXBuildFile; fileRef = 7690AC6B27217DA700884843 /* Assets.xcassets */; };
		7690AC6F27217DA700884843 /* LaunchScreen.storyboard in Resources */ = {isa = PBXBuildFile; fileRef = 7690AC6D27217DA700884843 /* LaunchScreen.storyboard */; };
		7690ACB82721A3D900884843 /* SearchVC.swift in Sources */ = {isa = PBXBuildFile; fileRef = 7690ACB72721A3D900884843 /* SearchVC.swift */; };
		7690ACBA2721A40400884843 /* FavoritesListVC.swift in Sources */ = {isa = PBXBuildFile; fileRef = 7690ACB92721A40400884843 /* FavoritesListVC.swift */; };
		769564442724657C00B0F886 /* Follower.swift in Sources */ = {isa = PBXBuildFile; fileRef = 769564432724657C00B0F886 /* Follower.swift */; };
		769564462724664400B0F886 /* User.swift in Sources */ = {isa = PBXBuildFile; fileRef = 769564452724664400B0F886 /* User.swift */; };
		76B8083A2722A1580020FB0A /* GFButton.swift in Sources */ = {isa = PBXBuildFile; fileRef = 76B808392722A1580020FB0A /* GFButton.swift */; };
		76B8083C2722A6120020FB0A /* GFTextField.swift in Sources */ = {isa = PBXBuildFile; fileRef = 76B8083B2722A6120020FB0A /* GFTextField.swift */; };
		76B8083E2722CEA60020FB0A /* FollowerListVC.swift in Sources */ = {isa = PBXBuildFile; fileRef = 76B8083D2722CEA60020FB0A /* FollowerListVC.swift */; };
		76B808402722DA120020FB0A /* String+Ext.swift in Sources */ = {isa = PBXBuildFile; fileRef = 76B8083F2722DA120020FB0A /* String+Ext.swift */; };
		76B808422722E3010020FB0A /* GFTitleLabel.swift in Sources */ = {isa = PBXBuildFile; fileRef = 76B808412722E3010020FB0A /* GFTitleLabel.swift */; };
		76B808442722E4630020FB0A /* GFBodyLabel.swift in Sources */ = {isa = PBXBuildFile; fileRef = 76B808432722E4630020FB0A /* GFBodyLabel.swift */; };
		76B808462722E5460020FB0A /* GFAlertVC.swift in Sources */ = {isa = PBXBuildFile; fileRef = 76B808452722E5460020FB0A /* GFAlertVC.swift */; };
		76B808482722EF320020FB0A /* UIViewController+Ext.swift in Sources */ = {isa = PBXBuildFile; fileRef = 76B808472722EF320020FB0A /* UIViewController+Ext.swift */; };
/* End PBXBuildFile section */

/* Begin PBXFileReference section */
		7690AC5F27217DA600884843 /* ios-Github-Followers-Clone.app */ = {isa = PBXFileReference; explicitFileType = wrapper.application; includeInIndex = 0; path = "ios-Github-Followers-Clone.app"; sourceTree = BUILT_PRODUCTS_DIR; };
		7690AC6227217DA600884843 /* AppDelegate.swift */ = {isa = PBXFileReference; lastKnownFileType = sourcecode.swift; path = AppDelegate.swift; sourceTree = "<group>"; };
		7690AC6427217DA600884843 /* SceneDelegate.swift */ = {isa = PBXFileReference; lastKnownFileType = sourcecode.swift; path = SceneDelegate.swift; sourceTree = "<group>"; };
		7690AC6B27217DA700884843 /* Assets.xcassets */ = {isa = PBXFileReference; lastKnownFileType = folder.assetcatalog; path = Assets.xcassets; sourceTree = "<group>"; };
		7690AC6E27217DA700884843 /* Base */ = {isa = PBXFileReference; lastKnownFileType = file.storyboard; name = Base; path = Base.lproj/LaunchScreen.storyboard; sourceTree = "<group>"; };
		7690AC7027217DA700884843 /* Info.plist */ = {isa = PBXFileReference; lastKnownFileType = text.plist.xml; path = Info.plist; sourceTree = "<group>"; };
		7690ACB72721A3D900884843 /* SearchVC.swift */ = {isa = PBXFileReference; lastKnownFileType = sourcecode.swift; path = SearchVC.swift; sourceTree = "<group>"; };
		7690ACB92721A40400884843 /* FavoritesListVC.swift */ = {isa = PBXFileReference; lastKnownFileType = sourcecode.swift; path = FavoritesListVC.swift; sourceTree = "<group>"; };
		769564432724657C00B0F886 /* Follower.swift */ = {isa = PBXFileReference; lastKnownFileType = sourcecode.swift; path = Follower.swift; sourceTree = "<group>"; };
		769564452724664400B0F886 /* User.swift */ = {isa = PBXFileReference; lastKnownFileType = sourcecode.swift; path = User.swift; sourceTree = "<group>"; };
		76B808392722A1580020FB0A /* GFButton.swift */ = {isa = PBXFileReference; lastKnownFileType = sourcecode.swift; path = GFButton.swift; sourceTree = "<group>"; };
		76B8083B2722A6120020FB0A /* GFTextField.swift */ = {isa = PBXFileReference; lastKnownFileType = sourcecode.swift; path = GFTextField.swift; sourceTree = "<group>"; };
		76B8083D2722CEA60020FB0A /* FollowerListVC.swift */ = {isa = PBXFileReference; lastKnownFileType = sourcecode.swift; path = FollowerListVC.swift; sourceTree = "<group>"; };
		76B8083F2722DA120020FB0A /* String+Ext.swift */ = {isa = PBXFileReference; lastKnownFileType = sourcecode.swift; path = "String+Ext.swift"; sourceTree = "<group>"; };
		76B808412722E3010020FB0A /* GFTitleLabel.swift */ = {isa = PBXFileReference; lastKnownFileType = sourcecode.swift; path = GFTitleLabel.swift; sourceTree = "<group>"; };
		76B808432722E4630020FB0A /* GFBodyLabel.swift */ = {isa = PBXFileReference; lastKnownFileType = sourcecode.swift; path = GFBodyLabel.swift; sourceTree = "<group>"; };
		76B808452722E5460020FB0A /* GFAlertVC.swift */ = {isa = PBXFileReference; lastKnownFileType = sourcecode.swift; path = GFAlertVC.swift; sourceTree = "<group>"; };
		76B808472722EF320020FB0A /* UIViewController+Ext.swift */ = {isa = PBXFileReference; lastKnownFileType = sourcecode.swift; path = "UIViewController+Ext.swift"; sourceTree = "<group>"; };
/* End PBXFileReference section */

/* Begin PBXFrameworksBuildPhase section */
		7690AC5C27217DA600884843 /* Frameworks */ = {
			isa = PBXFrameworksBuildPhase;
			buildActionMask = 2147483647;
			files = (
			);
			runOnlyForDeploymentPostprocessing = 0;
		};
/* End PBXFrameworksBuildPhase section */

/* Begin PBXGroup section */
		7690AC5627217DA600884843 = {
			isa = PBXGroup;
			children = (
				7690AC6127217DA600884843 /* ios-Github-Followers-Clone */,
				7690AC6027217DA600884843 /* Products */,
			);
			sourceTree = "<group>";
		};
		7690AC6027217DA600884843 /* Products */ = {
			isa = PBXGroup;
			children = (
				7690AC5F27217DA600884843 /* ios-Github-Followers-Clone.app */,
			);
			name = Products;
			sourceTree = "<group>";
		};
		7690AC6127217DA600884843 /* ios-Github-Followers-Clone */ = {
			isa = PBXGroup;
			children = (
				769564422724656D00B0F886 /* Model */,
				76B8084C2722FB5B0020FB0A /* Support */,
				76B8084B2722FAFD0020FB0A /* Extensions */,
				76B8084A2722FAC30020FB0A /* Custom Views */,
				76B808492722FA7B0020FB0A /* Screens */,
				7690AC7027217DA700884843 /* Info.plist */,
			);
			path = "ios-Github-Followers-Clone";
			sourceTree = "<group>";
		};
		769564422724656D00B0F886 /* Model */ = {
			isa = PBXGroup;
			children = (
				769564432724657C00B0F886 /* Follower.swift */,
				769564452724664400B0F886 /* User.swift */,
			);
			path = Model;
			sourceTree = "<group>";
		};
		76B808492722FA7B0020FB0A /* Screens */ = {
			isa = PBXGroup;
			children = (
				7690ACB72721A3D900884843 /* SearchVC.swift */,
				7690ACB92721A40400884843 /* FavoritesListVC.swift */,
				76B8083D2722CEA60020FB0A /* FollowerListVC.swift */,
			);
			path = Screens;
			sourceTree = "<group>";
		};
		76B8084A2722FAC30020FB0A /* Custom Views */ = {
			isa = PBXGroup;
			children = (
				76B808452722E5460020FB0A /* GFAlertVC.swift */,
				76B808392722A1580020FB0A /* GFButton.swift */,
				76B8083B2722A6120020FB0A /* GFTextField.swift */,
				76B808412722E3010020FB0A /* GFTitleLabel.swift */,
				76B808432722E4630020FB0A /* GFBodyLabel.swift */,
			);
			path = "Custom Views";
			sourceTree = "<group>";
		};
		76B8084B2722FAFD0020FB0A /* Extensions */ = {
			isa = PBXGroup;
			children = (
				76B8083F2722DA120020FB0A /* String+Ext.swift */,
				76B808472722EF320020FB0A /* UIViewController+Ext.swift */,
			);
			path = Extensions;
			sourceTree = "<group>";
		};
		76B8084C2722FB5B0020FB0A /* Support */ = {
			isa = PBXGroup;
			children = (
				7690AC6227217DA600884843 /* AppDelegate.swift */,
				7690AC6427217DA600884843 /* SceneDelegate.swift */,
				7690AC6B27217DA700884843 /* Assets.xcassets */,
				7690AC6D27217DA700884843 /* LaunchScreen.storyboard */,
			);
			path = Support;
			sourceTree = "<group>";
		};
/* End PBXGroup section */

/* Begin PBXNativeTarget section */
		7690AC5E27217DA600884843 /* ios-Github-Followers-Clone */ = {
			isa = PBXNativeTarget;
			buildConfigurationList = 7690AC7327217DA700884843 /* Build configuration list for PBXNativeTarget "ios-Github-Followers-Clone" */;
			buildPhases = (
				7690AC5B27217DA600884843 /* Sources */,
				7690AC5C27217DA600884843 /* Frameworks */,
				7690AC5D27217DA600884843 /* Resources */,
			);
			buildRules = (
			);
			dependencies = (
			);
			name = "ios-Github-Followers-Clone";
			productName = "ios-Github-Followers-Clone";
			productReference = 7690AC5F27217DA600884843 /* ios-Github-Followers-Clone.app */;
			productType = "com.apple.product-type.application";
		};
/* End PBXNativeTarget section */

/* Begin PBXProject section */
		7690AC5727217DA600884843 /* Project object */ = {
			isa = PBXProject;
			attributes = {
				BuildIndependentTargetsInParallel = 1;
				LastSwiftUpdateCheck = 1300;
				LastUpgradeCheck = 1300;
				TargetAttributes = {
					7690AC5E27217DA600884843 = {
						CreatedOnToolsVersion = 13.0;
					};
				};
			};
			buildConfigurationList = 7690AC5A27217DA600884843 /* Build configuration list for PBXProject "ios-Github-Followers-Clone" */;
			compatibilityVersion = "Xcode 13.0";
			developmentRegion = en;
			hasScannedForEncodings = 0;
			knownRegions = (
				en,
				Base,
			);
			mainGroup = 7690AC5627217DA600884843;
			productRefGroup = 7690AC6027217DA600884843 /* Products */;
			projectDirPath = "";
			projectRoot = "";
			targets = (
				7690AC5E27217DA600884843 /* ios-Github-Followers-Clone */,
			);
		};
/* End PBXProject section */

/* Begin PBXResourcesBuildPhase section */
		7690AC5D27217DA600884843 /* Resources */ = {
			isa = PBXResourcesBuildPhase;
			buildActionMask = 2147483647;
			files = (
				7690AC6F27217DA700884843 /* LaunchScreen.storyboard in Resources */,
				7690AC6C27217DA700884843 /* Assets.xcassets in Resources */,
			);
			runOnlyForDeploymentPostprocessing = 0;
		};
/* End PBXResourcesBuildPhase section */

/* Begin PBXSourcesBuildPhase section */
		7690AC5B27217DA600884843 /* Sources */ = {
			isa = PBXSourcesBuildPhase;
			buildActionMask = 2147483647;
			files = (
				76B8083C2722A6120020FB0A /* GFTextField.swift in Sources */,
				7690ACBA2721A40400884843 /* FavoritesListVC.swift in Sources */,
				76B808482722EF320020FB0A /* UIViewController+Ext.swift in Sources */,
				76B8083A2722A1580020FB0A /* GFButton.swift in Sources */,
				7690ACB82721A3D900884843 /* SearchVC.swift in Sources */,
				76B8083E2722CEA60020FB0A /* FollowerListVC.swift in Sources */,
				769564462724664400B0F886 /* User.swift in Sources */,
				76B808462722E5460020FB0A /* GFAlertVC.swift in Sources */,
				769564442724657C00B0F886 /* Follower.swift in Sources */,
				7690AC6327217DA600884843 /* AppDelegate.swift in Sources */,
				76B808422722E3010020FB0A /* GFTitleLabel.swift in Sources */,
				76B808402722DA120020FB0A /* String+Ext.swift in Sources */,
				7690AC6527217DA600884843 /* SceneDelegate.swift in Sources */,
				76B808442722E4630020FB0A /* GFBodyLabel.swift in Sources */,
			);
			runOnlyForDeploymentPostprocessing = 0;
		};
/* End PBXSourcesBuildPhase section */

/* Begin PBXVariantGroup section */
		7690AC6D27217DA700884843 /* LaunchScreen.storyboard */ = {
			isa = PBXVariantGroup;
			children = (
				7690AC6E27217DA700884843 /* Base */,
			);
			name = LaunchScreen.storyboard;
			sourceTree = "<group>";
		};
/* End PBXVariantGroup section */

/* Begin XCBuildConfiguration section */
		7690AC7127217DA700884843 /* Debug */ = {
			isa = XCBuildConfiguration;
			buildSettings = {
				ALWAYS_SEARCH_USER_PATHS = NO;
				CLANG_ANALYZER_NONNULL = YES;
				CLANG_ANALYZER_NUMBER_OBJECT_CONVERSION = YES_AGGRESSIVE;
				CLANG_CXX_LANGUAGE_STANDARD = "gnu++17";
				CLANG_CXX_LIBRARY = "libc++";
				CLANG_ENABLE_MODULES = YES;
				CLANG_ENABLE_OBJC_ARC = YES;
				CLANG_ENABLE_OBJC_WEAK = YES;
				CLANG_WARN_BLOCK_CAPTURE_AUTORELEASING = YES;
				CLANG_WARN_BOOL_CONVERSION = YES;
				CLANG_WARN_COMMA = YES;
				CLANG_WARN_CONSTANT_CONVERSION = YES;
				CLANG_WARN_DEPRECATED_OBJC_IMPLEMENTATIONS = YES;
				CLANG_WARN_DIRECT_OBJC_ISA_USAGE = YES_ERROR;
				CLANG_WARN_DOCUMENTATION_COMMENTS = YES;
				CLANG_WARN_EMPTY_BODY = YES;
				CLANG_WARN_ENUM_CONVERSION = YES;
				CLANG_WARN_INFINITE_RECURSION = YES;
				CLANG_WARN_INT_CONVERSION = YES;
				CLANG_WARN_NON_LITERAL_NULL_CONVERSION = YES;
				CLANG_WARN_OBJC_IMPLICIT_RETAIN_SELF = YES;
				CLANG_WARN_OBJC_LITERAL_CONVERSION = YES;
				CLANG_WARN_OBJC_ROOT_CLASS = YES_ERROR;
				CLANG_WARN_QUOTED_INCLUDE_IN_FRAMEWORK_HEADER = YES;
				CLANG_WARN_RANGE_LOOP_ANALYSIS = YES;
				CLANG_WARN_STRICT_PROTOTYPES = YES;
				CLANG_WARN_SUSPICIOUS_MOVE = YES;
				CLANG_WARN_UNGUARDED_AVAILABILITY = YES_AGGRESSIVE;
				CLANG_WARN_UNREACHABLE_CODE = YES;
				CLANG_WARN__DUPLICATE_METHOD_MATCH = YES;
				COPY_PHASE_STRIP = NO;
				DEBUG_INFORMATION_FORMAT = dwarf;
				ENABLE_STRICT_OBJC_MSGSEND = YES;
				ENABLE_TESTABILITY = YES;
				GCC_C_LANGUAGE_STANDARD = gnu11;
				GCC_DYNAMIC_NO_PIC = NO;
				GCC_NO_COMMON_BLOCKS = YES;
				GCC_OPTIMIZATION_LEVEL = 0;
				GCC_PREPROCESSOR_DEFINITIONS = (
					"DEBUG=1",
					"$(inherited)",
				);
				GCC_WARN_64_TO_32_BIT_CONVERSION = YES;
				GCC_WARN_ABOUT_RETURN_TYPE = YES_ERROR;
				GCC_WARN_UNDECLARED_SELECTOR = YES;
				GCC_WARN_UNINITIALIZED_AUTOS = YES_AGGRESSIVE;
				GCC_WARN_UNUSED_FUNCTION = YES;
				GCC_WARN_UNUSED_VARIABLE = YES;
				IPHONEOS_DEPLOYMENT_TARGET = 15.0;
				MTL_ENABLE_DEBUG_INFO = INCLUDE_SOURCE;
				MTL_FAST_MATH = YES;
				ONLY_ACTIVE_ARCH = YES;
				SDKROOT = iphoneos;
				SWIFT_ACTIVE_COMPILATION_CONDITIONS = DEBUG;
				SWIFT_OPTIMIZATION_LEVEL = "-Onone";
			};
			name = Debug;
		};
		7690AC7227217DA700884843 /* Release */ = {
			isa = XCBuildConfiguration;
			buildSettings = {
				ALWAYS_SEARCH_USER_PATHS = NO;
				CLANG_ANALYZER_NONNULL = YES;
				CLANG_ANALYZER_NUMBER_OBJECT_CONVERSION = YES_AGGRESSIVE;
				CLANG_CXX_LANGUAGE_STANDARD = "gnu++17";
				CLANG_CXX_LIBRARY = "libc++";
				CLANG_ENABLE_MODULES = YES;
				CLANG_ENABLE_OBJC_ARC = YES;
				CLANG_ENABLE_OBJC_WEAK = YES;
				CLANG_WARN_BLOCK_CAPTURE_AUTORELEASING = YES;
				CLANG_WARN_BOOL_CONVERSION = YES;
				CLANG_WARN_COMMA = YES;
				CLANG_WARN_CONSTANT_CONVERSION = YES;
				CLANG_WARN_DEPRECATED_OBJC_IMPLEMENTATIONS = YES;
				CLANG_WARN_DIRECT_OBJC_ISA_USAGE = YES_ERROR;
				CLANG_WARN_DOCUMENTATION_COMMENTS = YES;
				CLANG_WARN_EMPTY_BODY = YES;
				CLANG_WARN_ENUM_CONVERSION = YES;
				CLANG_WARN_INFINITE_RECURSION = YES;
				CLANG_WARN_INT_CONVERSION = YES;
				CLANG_WARN_NON_LITERAL_NULL_CONVERSION = YES;
				CLANG_WARN_OBJC_IMPLICIT_RETAIN_SELF = YES;
				CLANG_WARN_OBJC_LITERAL_CONVERSION = YES;
				CLANG_WARN_OBJC_ROOT_CLASS = YES_ERROR;
				CLANG_WARN_QUOTED_INCLUDE_IN_FRAMEWORK_HEADER = YES;
				CLANG_WARN_RANGE_LOOP_ANALYSIS = YES;
				CLANG_WARN_STRICT_PROTOTYPES = YES;
				CLANG_WARN_SUSPICIOUS_MOVE = YES;
				CLANG_WARN_UNGUARDED_AVAILABILITY = YES_AGGRESSIVE;
				CLANG_WARN_UNREACHABLE_CODE = YES;
				CLANG_WARN__DUPLICATE_METHOD_MATCH = YES;
				COPY_PHASE_STRIP = NO;
				DEBUG_INFORMATION_FORMAT = "dwarf-with-dsym";
				ENABLE_NS_ASSERTIONS = NO;
				ENABLE_STRICT_OBJC_MSGSEND = YES;
				GCC_C_LANGUAGE_STANDARD = gnu11;
				GCC_NO_COMMON_BLOCKS = YES;
				GCC_WARN_64_TO_32_BIT_CONVERSION = YES;
				GCC_WARN_ABOUT_RETURN_TYPE = YES_ERROR;
				GCC_WARN_UNDECLARED_SELECTOR = YES;
				GCC_WARN_UNINITIALIZED_AUTOS = YES_AGGRESSIVE;
				GCC_WARN_UNUSED_FUNCTION = YES;
				GCC_WARN_UNUSED_VARIABLE = YES;
				IPHONEOS_DEPLOYMENT_TARGET = 15.0;
				MTL_ENABLE_DEBUG_INFO = NO;
				MTL_FAST_MATH = YES;
				SDKROOT = iphoneos;
				SWIFT_COMPILATION_MODE = wholemodule;
				SWIFT_OPTIMIZATION_LEVEL = "-O";
				VALIDATE_PRODUCT = YES;
			};
			name = Release;
		};
		7690AC7427217DA700884843 /* Debug */ = {
			isa = XCBuildConfiguration;
			buildSettings = {
				ASSETCATALOG_COMPILER_APPICON_NAME = AppIcon;
				ASSETCATALOG_COMPILER_GLOBAL_ACCENT_COLOR_NAME = AccentColor;
				CODE_SIGN_STYLE = Automatic;
				CURRENT_PROJECT_VERSION = 1;
				DEVELOPMENT_TEAM = 2MRY8P7863;
				GENERATE_INFOPLIST_FILE = YES;
				INFOPLIST_FILE = "ios-Github-Followers-Clone/Info.plist";
				INFOPLIST_KEY_UIApplicationSupportsIndirectInputEvents = YES;
				INFOPLIST_KEY_UILaunchStoryboardName = LaunchScreen;
				INFOPLIST_KEY_UISupportedInterfaceOrientations = UIInterfaceOrientationPortrait;
				INFOPLIST_KEY_UISupportedInterfaceOrientations_iPad = "UIInterfaceOrientationPortrait UIInterfaceOrientationPortraitUpsideDown UIInterfaceOrientationLandscapeLeft UIInterfaceOrientationLandscapeRight";
				INFOPLIST_KEY_UISupportedInterfaceOrientations_iPhone = "UIInterfaceOrientationPortrait UIInterfaceOrientationLandscapeLeft UIInterfaceOrientationLandscapeRight";
				IPHONEOS_DEPLOYMENT_TARGET = 13.3;
				LD_RUNPATH_SEARCH_PATHS = (
					"$(inherited)",
					"@executable_path/Frameworks",
				);
				MARKETING_VERSION = 1.0;
				PRODUCT_BUNDLE_IDENTIFIER = "com.sookim.ios-Github-Followers-Clone";
				PRODUCT_NAME = "$(TARGET_NAME)";
				SWIFT_EMIT_LOC_STRINGS = YES;
				SWIFT_VERSION = 5.0;
				TARGETED_DEVICE_FAMILY = 1;
			};
			name = Debug;
		};
		7690AC7527217DA700884843 /* Release */ = {
			isa = XCBuildConfiguration;
			buildSettings = {
				ASSETCATALOG_COMPILER_APPICON_NAME = AppIcon;
				ASSETCATALOG_COMPILER_GLOBAL_ACCENT_COLOR_NAME = AccentColor;
				CODE_SIGN_STYLE = Automatic;
				CURRENT_PROJECT_VERSION = 1;
				DEVELOPMENT_TEAM = 2MRY8P7863;
				GENERATE_INFOPLIST_FILE = YES;
				INFOPLIST_FILE = "ios-Github-Followers-Clone/Info.plist";
				INFOPLIST_KEY_UIApplicationSupportsIndirectInputEvents = YES;
				INFOPLIST_KEY_UILaunchStoryboardName = LaunchScreen;
				INFOPLIST_KEY_UISupportedInterfaceOrientations = UIInterfaceOrientationPortrait;
				INFOPLIST_KEY_UISupportedInterfaceOrientations_iPad = "UIInterfaceOrientationPortrait UIInterfaceOrientationPortraitUpsideDown UIInterfaceOrientationLandscapeLeft UIInterfaceOrientationLandscapeRight";
				INFOPLIST_KEY_UISupportedInterfaceOrientations_iPhone = "UIInterfaceOrientationPortrait UIInterfaceOrientationLandscapeLeft UIInterfaceOrientationLandscapeRight";
				IPHONEOS_DEPLOYMENT_TARGET = 13.3;
				LD_RUNPATH_SEARCH_PATHS = (
					"$(inherited)",
					"@executable_path/Frameworks",
				);
				MARKETING_VERSION = 1.0;
				PRODUCT_BUNDLE_IDENTIFIER = "com.sookim.ios-Github-Followers-Clone";
				PRODUCT_NAME = "$(TARGET_NAME)";
				SWIFT_EMIT_LOC_STRINGS = YES;
				SWIFT_VERSION = 5.0;
				TARGETED_DEVICE_FAMILY = 1;
			};
			name = Release;
		};
/* End XCBuildConfiguration section */

/* Begin XCConfigurationList section */
		7690AC5A27217DA600884843 /* Build configuration list for PBXProject "ios-Github-Followers-Clone" */ = {
			isa = XCConfigurationList;
			buildConfigurations = (
				7690AC7127217DA700884843 /* Debug */,
				7690AC7227217DA700884843 /* Release */,
			);
			defaultConfigurationIsVisible = 0;
			defaultConfigurationName = Release;
		};
		7690AC7327217DA700884843 /* Build configuration list for PBXNativeTarget "ios-Github-Followers-Clone" */ = {
			isa = XCConfigurationList;
			buildConfigurations = (
				7690AC7427217DA700884843 /* Debug */,
				7690AC7527217DA700884843 /* Release */,
			);
			defaultConfigurationIsVisible = 0;
			defaultConfigurationName = Release;
		};
/* End XCConfigurationList section */
	};
	rootObject = 7690AC5727217DA600884843 /* Project object */;
}
